
Microsoft Visual Studio Solution File, Format Version 12.00
# Visual Studio Version 17
VisualStudioVersion = 17.1.32421.90
MinimumVisualStudioVersion = 10.0.40219.1
Project("{9A19103F-16F7-4668-BE54-9A1E7A4F7556}") = "SIGEFMunicipal", "SIGESMunicipal\SIGEFMunicipal.csproj", "{D01327C9-B551-407E-A628-286DB65448F6}"
EndProject
Project("{9A19103F-16F7-4668-BE54-9A1E7A4F7556}") = "CapaEntidad", "CapaEntidad\CapaEntidad.csproj", "{177EE787-8131-4650-9B2F-D5A5268DAA8F}"
EndProject
Project("{9A19103F-16F7-4668-BE54-9A1E7A4F7556}") = "CapaDatos", "CapaDatos\CapaDatos.csproj", "{97BEE4B2-7C9B-4DEA-BC2E-25006ECF7C0F}"
EndProject
Project("{9A19103F-16F7-4668-BE54-9A1E7A4F7556}") = "CapaNegocios", "CapaNegocios\CapaNegocios.csproj", "{957A5BF4-DC1E-4F87-B6D4-FDD7831FA6D5}"
EndProject
Global
	GlobalSection(SolutionConfigurationPlatforms) = preSolution
		Debug|Any CPU = Debug|Any CPU
		Release|Any CPU = Release|Any CPU
	EndGlobalSection
	GlobalSection(ProjectConfigurationPlatforms) = postSolution
		{D01327C9-B551-407E-A628-286DB65448F6}.Debug|Any CPU.ActiveCfg = Debug|Any CPU
		{D01327C9-B551-407E-A628-286DB65448F6}.Debug|Any CPU.Build.0 = Debug|Any CPU
		{D01327C9-B551-407E-A628-286DB65448F6}.Release|Any CPU.ActiveCfg = Release|Any CPU
		{D01327C9-B551-407E-A628-286DB65448F6}.Release|Any CPU.Build.0 = Release|Any CPU
		{177EE787-8131-4650-9B2F-D5A5268DAA8F}.Debug|Any CPU.ActiveCfg = Debug|Any CPU
		{177EE787-8131-4650-9B2F-D5A5268DAA8F}.Debug|Any CPU.Build.0 = Debug|Any CPU
		{177EE787-8131-4650-9B2F-D5A5268DAA8F}.Release|Any CPU.ActiveCfg = Release|Any CPU
		{177EE787-8131-4650-9B2F-D5A5268DAA8F}.Release|Any CPU.Build.0 = Release|Any CPU
		{97BEE4B2-7C9B-4DEA-BC2E-25006ECF7C0F}.Debug|Any CPU.ActiveCfg = Debug|Any CPU
		{97BEE4B2-7C9B-4DEA-BC2E-25006ECF7C0F}.Debug|Any CPU.Build.0 = Debug|Any CPU
		{97BEE4B2-7C9B-4DEA-BC2E-25006ECF7C0F}.Release|Any CPU.ActiveCfg = Release|Any CPU
		{97BEE4B2-7C9B-4DEA-BC2E-25006ECF7C0F}.Release|Any CPU.Build.0 = Release|Any CPU
		{957A5BF4-DC1E-4F87-B6D4-FDD7831FA6D5}.Debug|Any CPU.ActiveCfg = Debug|Any CPU
		{957A5BF4-DC1E-4F87-B6D4-FDD7831FA6D5}.Debug|Any CPU.Build.0 = Debug|Any CPU
		{957A5BF4-DC1E-4F87-B6D4-FDD7831FA6D5}.Release|Any CPU.ActiveCfg = Release|Any CPU
		{957A5BF4-DC1E-4F87-B6D4-FDD7831FA6D5}.Release|Any CPU.Build.0 = Release|Any CPU
	EndGlobalSection
	GlobalSection(SolutionProperties) = preSolution
		HideSolutionNode = FALSE
	EndGlobalSection
	GlobalSection(ExtensibilityGlobals) = postSolution
		SolutionGuid = {42124429-AF58-4DEF-87B6-AE31580256EA}
	EndGlobalSection
EndGlobal
